
Microsoft Visual Studio Solution File, Format Version 12.00
# Visual Studio 15
VisualStudioVersion = 15.0.28307.705
MinimumVisualStudioVersion = 10.0.40219.1
Project("{9A19103F-16F7-4668-BE54-9A1E7A4F7556}") = "Ttabing.Captcha.Generator", "Ttabing.Captcha.Generator\Ttabing.Captcha.Generator.csproj", "{AD327D7E-E800-4A59-BE9B-4BC55695456C}"
EndProject
Project("{9A19103F-16F7-4668-BE54-9A1E7A4F7556}") = "Ttabing.Captcha.Generator.TestBed", "Ttabing.Captcha.Generator.TestBed\Ttabing.Captcha.Generator.TestBed.csproj", "{90D13825-1BBD-443C-BF84-D84768A24D83}"
EndProject
Global
	GlobalSection(SolutionConfigurationPlatforms) = preSolution
		Debug|Any CPU = Debug|Any CPU
		Release|Any CPU = Release|Any CPU
	EndGlobalSection
	GlobalSection(ProjectConfigurationPlatforms) = postSolution
		{AD327D7E-E800-4A59-BE9B-4BC55695456C}.Debug|Any CPU.ActiveCfg = Debug|Any CPU
		{AD327D7E-E800-4A59-BE9B-4BC55695456C}.Debug|Any CPU.Build.0 = Debug|Any CPU
		{AD327D7E-E800-4A59-BE9B-4BC55695456C}.Release|Any CPU.ActiveCfg = Release|Any CPU
		{AD327D7E-E800-4A59-BE9B-4BC55695456C}.Release|Any CPU.Build.0 = Release|Any CPU
		{90D13825-1BBD-443C-BF84-D84768A24D83}.Debug|Any CPU.ActiveCfg = Debug|Any CPU
		{90D13825-1BBD-443C-BF84-D84768A24D83}.Debug|Any CPU.Build.0 = Debug|Any CPU
		{90D13825-1BBD-443C-BF84-D84768A24D83}.Release|Any CPU.ActiveCfg = Release|Any CPU
		{90D13825-1BBD-443C-BF84-D84768A24D83}.Release|Any CPU.Build.0 = Release|Any CPU
	EndGlobalSection
	GlobalSection(SolutionProperties) = preSolution
		HideSolutionNode = FALSE
	EndGlobalSection
	GlobalSection(ExtensibilityGlobals) = postSolution
		SolutionGuid = {46FB8DF8-F999-4FB0-947C-1CB5C9D8BFE7}
	EndGlobalSection
EndGlobal
